
Microsoft Visual Studio Solution File, Format Version 12.00
Project("{2150E333-8FDC-42A3-9474-1A3956D46DE8}") = "components", "components", "{E08BB4AC-09C4-4646-9061-130967DD5E3E}"
ProjectSection(SolutionItems) = preProject
	components\redis.yaml = components\redis.yaml
	components\app.yaml = components\app.yaml
EndProjectSection
EndProject
Project("{2150E333-8FDC-42A3-9474-1A3956D46DE8}") = "src", "src", "{37620DF0-A8C5-4FD2-880A-68C18AF9A5B2}"
EndProject
Project("{FAE04EC0-301F-11D3-BF4B-00C04F79EFBC}") = "HelloWorld", "src\HelloWorld\HelloWorld.csproj", "{3617B490-DB0A-439F-AF1C-AECA6EB19315}"
EndProject
Global
	GlobalSection(SolutionConfigurationPlatforms) = preSolution
		Debug|Any CPU = Debug|Any CPU
		Release|Any CPU = Release|Any CPU
	EndGlobalSection
	GlobalSection(ProjectConfigurationPlatforms) = postSolution
		{3617B490-DB0A-439F-AF1C-AECA6EB19315}.Debug|Any CPU.ActiveCfg = Debug|Any CPU
		{3617B490-DB0A-439F-AF1C-AECA6EB19315}.Debug|Any CPU.Build.0 = Debug|Any CPU
		{3617B490-DB0A-439F-AF1C-AECA6EB19315}.Release|Any CPU.ActiveCfg = Release|Any CPU
		{3617B490-DB0A-439F-AF1C-AECA6EB19315}.Release|Any CPU.Build.0 = Release|Any CPU
	EndGlobalSection
	GlobalSection(NestedProjects) = preSolution
		{3617B490-DB0A-439F-AF1C-AECA6EB19315} = {37620DF0-A8C5-4FD2-880A-68C18AF9A5B2}
	EndGlobalSection
EndGlobal
